{
  "nodes": {
    "nixpkgs": {
      "locked": {
        "lastModified": 1751596331,
        "narHash": "sha256-7WSzIrw0nCl8iYroj7c//LLsf2zgNEIJNyUSvx4MPLI=",
        "owner": "NixOS",
        "repo": "nixpkgs",
        "rev": "472908faa934435cf781ae8fac77291af3d137d3",
        "type": "github"
      },
      "original": {
        "owner": "NixOS",
        "ref": "nixpkgs-unstable",
        "repo": "nixpkgs",
        "type": "github"
      }
    },
    "root": {
      "inputs": {
        "nixpkgs": "nixpkgs"
      }
    }
  },
  "root": "root",
  "version": 7
}
